
Microsoft Visual Studio Solution File, Format Version 12.00
# Visual Studio 15
VisualStudioVersion = 15.0.28307.421
MinimumVisualStudioVersion = 10.0.40219.1
Project("{FAE04EC0-301F-11D3-BF4B-00C04F79EFBC}") = "OracleWithDotnetCoreEF", "OracleWithDotnetCoreEF\OracleWithDotnetCoreEF.csproj", "{2E0B7C44-7ADD-4AB8-9730-26D6D82AEE8B}"
EndProject
Global
	GlobalSection(SolutionConfigurationPlatforms) = preSolution
		Debug|Any CPU = Debug|Any CPU
		Release|Any CPU = Release|Any CPU
	EndGlobalSection
	GlobalSection(ProjectConfigurationPlatforms) = postSolution
		{2E0B7C44-7ADD-4AB8-9730-26D6D82AEE8B}.Debug|Any CPU.ActiveCfg = Debug|Any CPU
		{2E0B7C44-7ADD-4AB8-9730-26D6D82AEE8B}.Debug|Any CPU.Build.0 = Debug|Any CPU
		{2E0B7C44-7ADD-4AB8-9730-26D6D82AEE8B}.Release|Any CPU.ActiveCfg = Release|Any CPU
		{2E0B7C44-7ADD-4AB8-9730-26D6D82AEE8B}.Release|Any CPU.Build.0 = Release|Any CPU
	EndGlobalSection
	GlobalSection(SolutionProperties) = preSolution
		HideSolutionNode = FALSE
	EndGlobalSection
	GlobalSection(ExtensibilityGlobals) = postSolution
		SolutionGuid = {479A43AB-D2CE-4E62-9908-70E1D90AEF99}
	EndGlobalSection
EndGlobal
